<?xml version="1.0" encoding="utf-8"?>
<Project ToolsVersion="4.0" xmlns="http://schemas.microsoft.com/developer/msbuild/2003">
  <ItemGroup>
    <Filter Include="源文件">
      <UniqueIdentifier>{4FC737F1-C7A5-4376-A066-2A32D752A2FF}</UniqueIdentifier>
      <Extensions>cpp;c;cc;cxx;def;odl;idl;hpj;bat;asm;asmx</Extensions>
    </Filter>
    <Filter Include="头文件">
      <UniqueIdentifier>{93995380-89BD-4b04-88EB-625FBE52EBFB}</UniqueIdentifier>
      <Extensions>h;hh;hpp;hxx;hm;inl;inc;xsd</Extensions>
    </Filter>
    <Filter Include="资源文件">
      <UniqueIdentifier>{67DA6AB6-F800-4c08-8B7A-83BB121AAD01}</UniqueIdentifier>
      <Extensions>rc;ico;cur;bmp;dlg;rc2;rct;bin;rgs;gif;jpg;jpeg;jpe;resx;tiff;tif;png;wav;mfcribbon-ms</Extensions>
    </Filter>
    <Filter Include="Database">
      <UniqueIdentifier>{fd5b4ee4-4753-4501-9015-861d608f2497}</UniqueIdentifier>
    </Filter>
    <Filter Include="Socket">
      <UniqueIdentifier>{10900a32-5806-469a-ab02-732fe439b967}</UniqueIdentifier>
    </Filter>
    <Filter Include="Tools">
      <UniqueIdentifier>{2c8b6120-e6aa-4e3e-ac1b-88f6610c937b}</UniqueIdentifier>
    </Filter>
    <Filter Include="Thread">
      <UniqueIdentifier>{e290f5c4-f054-44a9-8a74-fd9d687b6544}</UniqueIdentifier>
    </Filter>
  </ItemGroup>
  <ItemGroup>
    <ClInclude Include="Tools\CH_Tool.h">
      <Filter>Tools</Filter>
    </ClInclude>
    <ClInclude Include="Database\CH_DbDataSet.h">
      <Filter>Database</Filter>
    </ClInclude>
    <ClInclude Include="Database\CH_DbConn.h">
      <Filter>Database</Filter>
    </ClInclude>
    <ClInclude Include="Database\CH_DbCommand.h">
      <Filter>Database</Filter>
    </ClInclude>
    <ClInclude Include="Socket\CH_SockServer.h">
      <Filter>Socket</Filter>
    </ClInclude>
    <ClInclude Include="Socket\CH_SockClient.h">
      <Filter>Socket</Filter>
    </ClInclude>
    <ClInclude Include="Thread\CH_Thread.h">
      <Filter>Thread</Filter>
    </ClInclude>
  </ItemGroup>
  <ItemGroup>
    <ClCompile Include="Database\CH_DbConn.cpp">
      <Filter>Database</Filter>
    </ClCompile>
    <ClCompile Include="Database\CH_DbDataSet.cpp">
      <Filter>Database</Filter>
    </ClCompile>
    <ClCompile Include="Database\CH_DbCommand.cpp">
      <Filter>Database</Filter>
    </ClCompile>
    <ClCompile Include="Socket\CH_SockServer.cpp">
      <Filter>Socket</Filter>
    </ClCompile>
    <ClCompile Include="Socket\CH_SockClient.cpp">
      <Filter>Socket</Filter>
    </ClCompile>
    <ClCompile Include="Tools\CH_Tool.cpp">
      <Filter>Tools</Filter>
    </ClCompile>
    <ClCompile Include="Thread\CH_Thread.cpp">
      <Filter>Thread</Filter>
    </ClCompile>
  </ItemGroup>
</Project>